
Microsoft Visual Studio Solution File, Format Version 12.00
# Visual Studio Version 16
VisualStudioVersion = 16.0.30114.105
MinimumVisualStudioVersion = 10.0.40219.1
Project("{2150E333-8FDC-42A3-9474-1A3956D46DE8}") = "src", "src", "{02C43CF7-CCE4-4739-B646-C2E70FF815AA}"
EndProject
Project("{FAE04EC0-301F-11D3-BF4B-00C04F79EFBC}") = "IPinfo", "src\IPinfo\IPinfo.csproj", "{EFDBF1B9-B34A-4395-A88D-2C99D3672962}"
EndProject
Global
	GlobalSection(SolutionConfigurationPlatforms) = preSolution
		Debug|Any CPU = Debug|Any CPU
		Release|Any CPU = Release|Any CPU
	EndGlobalSection
	GlobalSection(SolutionProperties) = preSolution
		HideSolutionNode = FALSE
	EndGlobalSection
	GlobalSection(ProjectConfigurationPlatforms) = postSolution
		{EFDBF1B9-B34A-4395-A88D-2C99D3672962}.Debug|Any CPU.ActiveCfg = Debug|Any CPU
		{EFDBF1B9-B34A-4395-A88D-2C99D3672962}.Debug|Any CPU.Build.0 = Debug|Any CPU
		{EFDBF1B9-B34A-4395-A88D-2C99D3672962}.Release|Any CPU.ActiveCfg = Release|Any CPU
		{EFDBF1B9-B34A-4395-A88D-2C99D3672962}.Release|Any CPU.Build.0 = Release|Any CPU
	EndGlobalSection
	GlobalSection(NestedProjects) = preSolution
		{EFDBF1B9-B34A-4395-A88D-2C99D3672962} = {02C43CF7-CCE4-4739-B646-C2E70FF815AA}
	EndGlobalSection
EndGlobal
